// !$*UTF8*$!
{
	archiveVersion = 1;
	classes = {
	};
	objectVersion = 56;
	objects = {

/* Begin PBXBuildFile section */
		8275A16D29A48D32007628D3 /* AppDelegate.swift in Sources */ = {isa = PBXBuildFile; fileRef = 8275A16C29A48D32007628D3 /* AppDelegate.swift */; };
		8275A16F29A48D32007628D3 /* SceneDelegate.swift in Sources */ = {isa = PBXBuildFile; fileRef = 8275A16E29A48D32007628D3 /* SceneDelegate.swift */; };
		8275A17129A48D32007628D3 /* ViewController.swift in Sources */ = {isa = PBXBuildFile; fileRef = 8275A17029A48D32007628D3 /* ViewController.swift */; };
		8275A17429A48D32007628D3 /* Main.storyboard in Resources */ = {isa = PBXBuildFile; fileRef = 8275A17229A48D32007628D3 /* Main.storyboard */; };
		8275A17629A48D34007628D3 /* Assets.xcassets in Resources */ = {isa = PBXBuildFile; fileRef = 8275A17529A48D34007628D3 /* Assets.xcassets */; };
		8275A17929A48D34007628D3 /* LaunchScreen.storyboard in Resources */ = {isa = PBXBuildFile; fileRef = 8275A17729A48D34007628D3 /* LaunchScreen.storyboard */; };
		8275A18429A48D34007628D3 /* GasTests.swift in Sources */ = {isa = PBXBuildFile; fileRef = 8275A18329A48D34007628D3 /* GasTests.swift */; };
		8275A18E29A48D34007628D3 /* GasUITests.swift in Sources */ = {isa = PBXBuildFile; fileRef = 8275A18D29A48D34007628D3 /* GasUITests.swift */; };
		8275A19029A48D34007628D3 /* GasUITestsLaunchTests.swift in Sources */ = {isa = PBXBuildFile; fileRef = 8275A18F29A48D34007628D3 /* GasUITestsLaunchTests.swift */; };
/* End PBXBuildFile section */

/* Begin PBXContainerItemProxy section */
		8275A18029A48D34007628D3 /* PBXContainerItemProxy */ = {
			isa = PBXContainerItemProxy;
			containerPortal = 8275A16129A48D31007628D3 /* Project object */;
			proxyType = 1;
			remoteGlobalIDString = 8275A16829A48D31007628D3;
			remoteInfo = Gas;
		};
		8275A18A29A48D34007628D3 /* PBXContainerItemProxy */ = {
			isa = PBXContainerItemProxy;
			containerPortal = 8275A16129A48D31007628D3 /* Project object */;
			proxyType = 1;
			remoteGlobalIDString = 8275A16829A48D31007628D3;
			remoteInfo = Gas;
		};
/* End PBXContainerItemProxy section */

/* Begin PBXFileReference section */
		8275A16929A48D32007628D3 /* Gas.app */ = {isa = PBXFileReference; explicitFileType = wrapper.application; includeInIndex = 0; path = Gas.app; sourceTree = BUILT_PRODUCTS_DIR; };
		8275A16C29A48D32007628D3 /* AppDelegate.swift */ = {isa = PBXFileReference; lastKnownFileType = sourcecode.swift; path = AppDelegate.swift; sourceTree = "<group>"; };
		8275A16E29A48D32007628D3 /* SceneDelegate.swift */ = {isa = PBXFileReference; lastKnownFileType = sourcecode.swift; path = SceneDelegate.swift; sourceTree = "<group>"; };
		8275A17029A48D32007628D3 /* ViewController.swift */ = {isa = PBXFileReference; lastKnownFileType = sourcecode.swift; path = ViewController.swift; sourceTree = "<group>"; };
		8275A17329A48D32007628D3 /* Base */ = {isa = PBXFileReference; lastKnownFileType = file.storyboard; name = Base; path = Base.lproj/Main.storyboard; sourceTree = "<group>"; };
		8275A17529A48D34007628D3 /* Assets.xcassets */ = {isa = PBXFileReference; lastKnownFileType = folder.assetcatalog; path = Assets.xcassets; sourceTree = "<group>"; };
		8275A17829A48D34007628D3 /* Base */ = {isa = PBXFileReference; lastKnownFileType = file.storyboard; name = Base; path = Base.lproj/LaunchScreen.storyboard; sourceTree = "<group>"; };
		8275A17A29A48D34007628D3 /* Info.plist */ = {isa = PBXFileReference; lastKnownFileType = text.plist.xml; path = Info.plist; sourceTree = "<group>"; };
		8275A17F29A48D34007628D3 /* GasTests.xctest */ = {isa = PBXFileReference; explicitFileType = wrapper.cfbundle; includeInIndex = 0; path = GasTests.xctest; sourceTree = BUILT_PRODUCTS_DIR; };
		8275A18329A48D34007628D3 /* GasTests.swift */ = {isa = PBXFileReference; lastKnownFileType = sourcecode.swift; path = GasTests.swift; sourceTree = "<group>"; };
		8275A18929A48D34007628D3 /* GasUITests.xctest */ = {isa = PBXFileReference; explicitFileType = wrapper.cfbundle; includeInIndex = 0; path = GasUITests.xctest; sourceTree = BUILT_PRODUCTS_DIR; };
		8275A18D29A48D34007628D3 /* GasUITests.swift */ = {isa = PBXFileReference; lastKnownFileType = sourcecode.swift; path = GasUITests.swift; sourceTree = "<group>"; };
		8275A18F29A48D34007628D3 /* GasUITestsLaunchTests.swift */ = {isa = PBXFileReference; lastKnownFileType = sourcecode.swift; path = GasUITestsLaunchTests.swift; sourceTree = "<group>"; };
/* End PBXFileReference section */

/* Begin PBXFrameworksBuildPhase section */
		8275A16629A48D31007628D3 /* Frameworks */ = {
			isa = PBXFrameworksBuildPhase;
			buildActionMask = 2147483647;
			files = (
			);
			runOnlyForDeploymentPostprocessing = 0;
		};
		8275A17C29A48D34007628D3 /* Frameworks */ = {
			isa = PBXFrameworksBuildPhase;
			buildActionMask = 2147483647;
			files = (
			);
			runOnlyForDeploymentPostprocessing = 0;
		};
		8275A18629A48D34007628D3 /* Frameworks */ = {
			isa = PBXFrameworksBuildPhase;
			buildActionMask = 2147483647;
			files = (
			);
			runOnlyForDeploymentPostprocessing = 0;
		};
/* End PBXFrameworksBuildPhase section */

/* Begin PBXGroup section */
		8275A16029A48D31007628D3 = {
			isa = PBXGroup;
			children = (
				8275A16B29A48D32007628D3 /* Gas */,
				8275A18229A48D34007628D3 /* GasTests */,
				8275A18C29A48D34007628D3 /* GasUITests */,
				8275A16A29A48D32007628D3 /* Products */,
			);
			sourceTree = "<group>";
		};
		8275A16A29A48D32007628D3 /* Products */ = {
			isa = PBXGroup;
			children = (
				8275A16929A48D32007628D3 /* Gas.app */,
				8275A17F29A48D34007628D3 /* GasTests.xctest */,
				8275A18929A48D34007628D3 /* GasUITests.xctest */,
			);
			name = Products;
			sourceTree = "<group>";
		};
		8275A16B29A48D32007628D3 /* Gas */ = {
			isa = PBXGroup;
			children = (
				8275A16C29A48D32007628D3 /* AppDelegate.swift */,
				8275A16E29A48D32007628D3 /* SceneDelegate.swift */,
				8275A17029A48D32007628D3 /* ViewController.swift */,
				8275A17229A48D32007628D3 /* Main.storyboard */,
				8275A17529A48D34007628D3 /* Assets.xcassets */,
				8275A17729A48D34007628D3 /* LaunchScreen.storyboard */,
				8275A17A29A48D34007628D3 /* Info.plist */,
			);
			path = Gas;
			sourceTree = "<group>";
		};
		8275A18229A48D34007628D3 /* GasTests */ = {
			isa = PBXGroup;
			children = (
				8275A18329A48D34007628D3 /* GasTests.swift */,
			);
			path = GasTests;
			sourceTree = "<group>";
		};
		8275A18C29A48D34007628D3 /* GasUITests */ = {
			isa = PBXGroup;
			children = (
				8275A18D29A48D34007628D3 /* GasUITests.swift */,
				8275A18F29A48D34007628D3 /* GasUITestsLaunchTests.swift */,
			);
			path = GasUITests;
			sourceTree = "<group>";
		};
/* End PBXGroup section */

/* Begin PBXNativeTarget section */
		8275A16829A48D31007628D3 /* Gas */ = {
			isa = PBXNativeTarget;
			buildConfigurationList = 8275A19329A48D34007628D3 /* Build configuration list for PBXNativeTarget "Gas" */;
			buildPhases = (
				8275A16529A48D31007628D3 /* Sources */,
				8275A16629A48D31007628D3 /* Frameworks */,
				8275A16729A48D31007628D3 /* Resources */,
			);
			buildRules = (
			);
			dependencies = (
			);
			name = Gas;
			productName = Gas;
			productReference = 8275A16929A48D32007628D3 /* Gas.app */;
			productType = "com.apple.product-type.application";
		};
		8275A17E29A48D34007628D3 /* GasTests */ = {
			isa = PBXNativeTarget;
			buildConfigurationList = 8275A19629A48D34007628D3 /* Build configuration list for PBXNativeTarget "GasTests" */;
			buildPhases = (
				8275A17B29A48D34007628D3 /* Sources */,
				8275A17C29A48D34007628D3 /* Frameworks */,
				8275A17D29A48D34007628D3 /* Resources */,
			);
			buildRules = (
			);
			dependencies = (
				8275A18129A48D34007628D3 /* PBXTargetDependency */,
			);
			name = GasTests;
			productName = GasTests;
			productReference = 8275A17F29A48D34007628D3 /* GasTests.xctest */;
			productType = "com.apple.product-type.bundle.unit-test";
		};
		8275A18829A48D34007628D3 /* GasUITests */ = {
			isa = PBXNativeTarget;
			buildConfigurationList = 8275A19929A48D34007628D3 /* Build configuration list for PBXNativeTarget "GasUITests" */;
			buildPhases = (
				8275A18529A48D34007628D3 /* Sources */,
				8275A18629A48D34007628D3 /* Frameworks */,
				8275A18729A48D34007628D3 /* Resources */,
			);
			buildRules = (
			);
			dependencies = (
				8275A18B29A48D34007628D3 /* PBXTargetDependency */,
			);
			name = GasUITests;
			productName = GasUITests;
			productReference = 8275A18929A48D34007628D3 /* GasUITests.xctest */;
			productType = "com.apple.product-type.bundle.ui-testing";
		};
/* End PBXNativeTarget section */

/* Begin PBXProject section */
		8275A16129A48D31007628D3 /* Project object */ = {
			isa = PBXProject;
			attributes = {
				BuildIndependentTargetsInParallel = 1;
				LastSwiftUpdateCheck = 1410;
				LastUpgradeCheck = 1410;
				TargetAttributes = {
					8275A16829A48D31007628D3 = {
						CreatedOnToolsVersion = 14.1;
					};
					8275A17E29A48D34007628D3 = {
						CreatedOnToolsVersion = 14.1;
						TestTargetID = 8275A16829A48D31007628D3;
					};
					8275A18829A48D34007628D3 = {
						CreatedOnToolsVersion = 14.1;
						TestTargetID = 8275A16829A48D31007628D3;
					};
				};
			};
			buildConfigurationList = 8275A16429A48D31007628D3 /* Build configuration list for PBXProject "Gas" */;
			compatibilityVersion = "Xcode 14.0";
			developmentRegion = en;
			hasScannedForEncodings = 0;
			knownRegions = (
				en,
				Base,
			);
			mainGroup = 8275A16029A48D31007628D3;
			productRefGroup = 8275A16A29A48D32007628D3 /* Products */;
			projectDirPath = "";
			projectRoot = "";
			targets = (
				8275A16829A48D31007628D3 /* Gas */,
				8275A17E29A48D34007628D3 /* GasTests */,
				8275A18829A48D34007628D3 /* GasUITests */,
			);
		};
/* End PBXProject section */

/* Begin PBXResourcesBuildPhase section */
		8275A16729A48D31007628D3 /* Resources */ = {
			isa = PBXResourcesBuildPhase;
			buildActionMask = 2147483647;
			files = (
				8275A17929A48D34007628D3 /* LaunchScreen.storyboard in Resources */,
				8275A17629A48D34007628D3 /* Assets.xcassets in Resources */,
				8275A17429A48D32007628D3 /* Main.storyboard in Resources */,
			);
			runOnlyForDeploymentPostprocessing = 0;
		};
		8275A17D29A48D34007628D3 /* Resources */ = {
			isa = PBXResourcesBuildPhase;
			buildActionMask = 2147483647;
			files = (
			);
			runOnlyForDeploymentPostprocessing = 0;
		};
		8275A18729A48D34007628D3 /* Resources */ = {
			isa = PBXResourcesBuildPhase;
			buildActionMask = 2147483647;
			files = (
			);
			runOnlyForDeploymentPostprocessing = 0;
		};
/* End PBXResourcesBuildPhase section */

/* Begin PBXSourcesBuildPhase section */
		8275A16529A48D31007628D3 /* Sources */ = {
			isa = PBXSourcesBuildPhase;
			buildActionMask = 2147483647;
			files = (
				8275A17129A48D32007628D3 /* ViewController.swift in Sources */,
				8275A16D29A48D32007628D3 /* AppDelegate.swift in Sources */,
				8275A16F29A48D32007628D3 /* SceneDelegate.swift in Sources */,
			);
			runOnlyForDeploymentPostprocessing = 0;
		};
		8275A17B29A48D34007628D3 /* Sources */ = {
			isa = PBXSourcesBuildPhase;
			buildActionMask = 2147483647;
			files = (
				8275A18429A48D34007628D3 /* GasTests.swift in Sources */,
			);
			runOnlyForDeploymentPostprocessing = 0;
		};
		8275A18529A48D34007628D3 /* Sources */ = {
			isa = PBXSourcesBuildPhase;
			buildActionMask = 2147483647;
			files = (
				8275A19029A48D34007628D3 /* GasUITestsLaunchTests.swift in Sources */,
				8275A18E29A48D34007628D3 /* GasUITests.swift in Sources */,
			);
			runOnlyForDeploymentPostprocessing = 0;
		};
/* End PBXSourcesBuildPhase section */

/* Begin PBXTargetDependency section */
		8275A18129A48D34007628D3 /* PBXTargetDependency */ = {
			isa = PBXTargetDependency;
			target = 8275A16829A48D31007628D3 /* Gas */;
			targetProxy = 8275A18029A48D34007628D3 /* PBXContainerItemProxy */;
		};
		8275A18B29A48D34007628D3 /* PBXTargetDependency */ = {
			isa = PBXTargetDependency;
			target = 8275A16829A48D31007628D3 /* Gas */;
			targetProxy = 8275A18A29A48D34007628D3 /* PBXContainerItemProxy */;
		};
/* End PBXTargetDependency section */

/* Begin PBXVariantGroup section */
		8275A17229A48D32007628D3 /* Main.storyboard */ = {
			isa = PBXVariantGroup;
			children = (
				8275A17329A48D32007628D3 /* Base */,
			);
			name = Main.storyboard;
			sourceTree = "<group>";
		};
		8275A17729A48D34007628D3 /* LaunchScreen.storyboard */ = {
			isa = PBXVariantGroup;
			children = (
				8275A17829A48D34007628D3 /* Base */,
			);
			name = LaunchScreen.storyboard;
			sourceTree = "<group>";
		};
/* End PBXVariantGroup section */

/* Begin XCBuildConfiguration section */
		8275A19129A48D34007628D3 /* Debug */ = {
			isa = XCBuildConfiguration;
			buildSettings = {
				ALWAYS_SEARCH_USER_PATHS = NO;
				CLANG_ANALYZER_NONNULL = YES;
				CLANG_ANALYZER_NUMBER_OBJECT_CONVERSION = YES_AGGRESSIVE;
				CLANG_CXX_LANGUAGE_STANDARD = "gnu++20";
				CLANG_ENABLE_MODULES = YES;
				CLANG_ENABLE_OBJC_ARC = YES;
				CLANG_ENABLE_OBJC_WEAK = YES;
				CLANG_WARN_BLOCK_CAPTURE_AUTORELEASING = YES;
				CLANG_WARN_BOOL_CONVERSION = YES;
				CLANG_WARN_COMMA = YES;
				CLANG_WARN_CONSTANT_CONVERSION = YES;
				CLANG_WARN_DEPRECATED_OBJC_IMPLEMENTATIONS = YES;
				CLANG_WARN_DIRECT_OBJC_ISA_USAGE = YES_ERROR;
				CLANG_WARN_DOCUMENTATION_COMMENTS = YES;
				CLANG_WARN_EMPTY_BODY = YES;
				CLANG_WARN_ENUM_CONVERSION = YES;
				CLANG_WARN_INFINITE_RECURSION = YES;
				CLANG_WARN_INT_CONVERSION = YES;
				CLANG_WARN_NON_LITERAL_NULL_CONVERSION = YES;
				CLANG_WARN_OBJC_IMPLICIT_RETAIN_SELF = YES;
				CLANG_WARN_OBJC_LITERAL_CONVERSION = YES;
				CLANG_WARN_OBJC_ROOT_CLASS = YES_ERROR;
				CLANG_WARN_QUOTED_INCLUDE_IN_FRAMEWORK_HEADER = YES;
				CLANG_WARN_RANGE_LOOP_ANALYSIS = YES;
				CLANG_WARN_STRICT_PROTOTYPES = YES;
				CLANG_WARN_SUSPICIOUS_MOVE = YES;
				CLANG_WARN_UNGUARDED_AVAILABILITY = YES_AGGRESSIVE;
				CLANG_WARN_UNREACHABLE_CODE = YES;
				CLANG_WARN__DUPLICATE_METHOD_MATCH = YES;
				COPY_PHASE_STRIP = NO;
				DEBUG_INFORMATION_FORMAT = dwarf;
				ENABLE_STRICT_OBJC_MSGSEND = YES;
				ENABLE_TESTABILITY = YES;
				GCC_C_LANGUAGE_STANDARD = gnu11;
				GCC_DYNAMIC_NO_PIC = NO;
				GCC_NO_COMMON_BLOCKS = YES;
				GCC_OPTIMIZATION_LEVEL = 0;
				GCC_PREPROCESSOR_DEFINITIONS = (
					"DEBUG=1",
					"$(inherited)",
				);
				GCC_WARN_64_TO_32_BIT_CONVERSION = YES;
				GCC_WARN_ABOUT_RETURN_TYPE = YES_ERROR;
				GCC_WARN_UNDECLARED_SELECTOR = YES;
				GCC_WARN_UNINITIALIZED_AUTOS = YES_AGGRESSIVE;
				GCC_WARN_UNUSED_FUNCTION = YES;
				GCC_WARN_UNUSED_VARIABLE = YES;
				IPHONEOS_DEPLOYMENT_TARGET = 16.1;
				MTL_ENABLE_DEBUG_INFO = INCLUDE_SOURCE;
				MTL_FAST_MATH = YES;
				ONLY_ACTIVE_ARCH = YES;
				SDKROOT = iphoneos;
				SWIFT_ACTIVE_COMPILATION_CONDITIONS = DEBUG;
				SWIFT_OPTIMIZATION_LEVEL = "-Onone";
			};
			name = Debug;
		};
		8275A19229A48D34007628D3 /* Release */ = {
			isa = XCBuildConfiguration;
			buildSettings = {
				ALWAYS_SEARCH_USER_PATHS = NO;
				CLANG_ANALYZER_NONNULL = YES;
				CLANG_ANALYZER_NUMBER_OBJECT_CONVERSION = YES_AGGRESSIVE;
				CLANG_CXX_LANGUAGE_STANDARD = "gnu++20";
				CLANG_ENABLE_MODULES = YES;
				CLANG_ENABLE_OBJC_ARC = YES;
				CLANG_ENABLE_OBJC_WEAK = YES;
				CLANG_WARN_BLOCK_CAPTURE_AUTORELEASING = YES;
				CLANG_WARN_BOOL_CONVERSION = YES;
				CLANG_WARN_COMMA = YES;
				CLANG_WARN_CONSTANT_CONVERSION = YES;
				CLANG_WARN_DEPRECATED_OBJC_IMPLEMENTATIONS = YES;
				CLANG_WARN_DIRECT_OBJC_ISA_USAGE = YES_ERROR;
				CLANG_WARN_DOCUMENTATION_COMMENTS = YES;
				CLANG_WARN_EMPTY_BODY = YES;
				CLANG_WARN_ENUM_CONVERSION = YES;
				CLANG_WARN_INFINITE_RECURSION = YES;
				CLANG_WARN_INT_CONVERSION = YES;
				CLANG_WARN_NON_LITERAL_NULL_CONVERSION = YES;
				CLANG_WARN_OBJC_IMPLICIT_RETAIN_SELF = YES;
				CLANG_WARN_OBJC_LITERAL_CONVERSION = YES;
				CLANG_WARN_OBJC_ROOT_CLASS = YES_ERROR;
				CLANG_WARN_QUOTED_INCLUDE_IN_FRAMEWORK_HEADER = YES;
				CLANG_WARN_RANGE_LOOP_ANALYSIS = YES;
				CLANG_WARN_STRICT_PROTOTYPES = YES;
				CLANG_WARN_SUSPICIOUS_MOVE = YES;
				CLANG_WARN_UNGUARDED_AVAILABILITY = YES_AGGRESSIVE;
				CLANG_WARN_UNREACHABLE_CODE = YES;
				CLANG_WARN__DUPLICATE_METHOD_MATCH = YES;
				COPY_PHASE_STRIP = NO;
				DEBUG_INFORMATION_FORMAT = "dwarf-with-dsym";
				ENABLE_NS_ASSERTIONS = NO;
				ENABLE_STRICT_OBJC_MSGSEND = YES;
				GCC_C_LANGUAGE_STANDARD = gnu11;
				GCC_NO_COMMON_BLOCKS = YES;
				GCC_WARN_64_TO_32_BIT_CONVERSION = YES;
				GCC_WARN_ABOUT_RETURN_TYPE = YES_ERROR;
				GCC_WARN_UNDECLARED_SELECTOR = YES;
				GCC_WARN_UNINITIALIZED_AUTOS = YES_AGGRESSIVE;
				GCC_WARN_UNUSED_FUNCTION = YES;
				GCC_WARN_UNUSED_VARIABLE = YES;
				IPHONEOS_DEPLOYMENT_TARGET = 16.1;
				MTL_ENABLE_DEBUG_INFO = NO;
				MTL_FAST_MATH = YES;
				SDKROOT = iphoneos;
				SWIFT_COMPILATION_MODE = wholemodule;
				SWIFT_OPTIMIZATION_LEVEL = "-O";
				VALIDATE_PRODUCT = YES;
			};
			name = Release;
		};
		8275A19429A48D34007628D3 /* Debug */ = {
			isa = XCBuildConfiguration;
			buildSettings = {
				ASSETCATALOG_COMPILER_APPICON_NAME = AppIcon;
				ASSETCATALOG_COMPILER_GLOBAL_ACCENT_COLOR_NAME = AccentColor;
				CODE_SIGN_STYLE = Automatic;
				CURRENT_PROJECT_VERSION = 1;
				DEVELOPMENT_TEAM = S65J69626Y;
				GENERATE_INFOPLIST_FILE = YES;
				INFOPLIST_FILE = Gas/Info.plist;
				INFOPLIST_KEY_UIApplicationSupportsIndirectInputEvents = YES;
				INFOPLIST_KEY_UILaunchStoryboardName = LaunchScreen;
				INFOPLIST_KEY_UIMainStoryboardFile = Main;
				INFOPLIST_KEY_UISupportedInterfaceOrientations_iPad = "UIInterfaceOrientationPortrait UIInterfaceOrientationPortraitUpsideDown UIInterfaceOrientationLandscapeLeft UIInterfaceOrientationLandscapeRight";
				INFOPLIST_KEY_UISupportedInterfaceOrientations_iPhone = "UIInterfaceOrientationPortrait UIInterfaceOrientationLandscapeLeft UIInterfaceOrientationLandscapeRight";
				LD_RUNPATH_SEARCH_PATHS = (
					"$(inherited)",
					"@executable_path/Frameworks",
				);
				MARKETING_VERSION = 1.0;
				PRODUCT_BUNDLE_IDENTIFIER = com.daicon.Gas;
				PRODUCT_NAME = "$(TARGET_NAME)";
				SWIFT_EMIT_LOC_STRINGS = YES;
				SWIFT_VERSION = 5.0;
				TARGETED_DEVICE_FAMILY = "1,2";
			};
			name = Debug;
		};
		8275A19529A48D34007628D3 /* Release */ = {
			isa = XCBuildConfiguration;
			buildSettings = {
				ASSETCATALOG_COMPILER_APPICON_NAME = AppIcon;
				ASSETCATALOG_COMPILER_GLOBAL_ACCENT_COLOR_NAME = AccentColor;
				CODE_SIGN_STYLE = Automatic;
				CURRENT_PROJECT_VERSION = 1;
				DEVELOPMENT_TEAM = S65J69626Y;
				GENERATE_INFOPLIST_FILE = YES;
				INFOPLIST_FILE = Gas/Info.plist;
				INFOPLIST_KEY_UIApplicationSupportsIndirectInputEvents = YES;
				INFOPLIST_KEY_UILaunchStoryboardName = LaunchScreen;
				INFOPLIST_KEY_UIMainStoryboardFile = Main;
				INFOPLIST_KEY_UISupportedInterfaceOrientations_iPad = "UIInterfaceOrientationPortrait UIInterfaceOrientationPortraitUpsideDown UIInterfaceOrientationLandscapeLeft UIInterfaceOrientationLandscapeRight";
				INFOPLIST_KEY_UISupportedInterfaceOrientations_iPhone = "UIInterfaceOrientationPortrait UIInterfaceOrientationLandscapeLeft UIInterfaceOrientationLandscapeRight";
				LD_RUNPATH_SEARCH_PATHS = (
					"$(inherited)",
					"@executable_path/Frameworks",
				);
				MARKETING_VERSION = 1.0;
				PRODUCT_BUNDLE_IDENTIFIER = com.daicon.Gas;
				PRODUCT_NAME = "$(TARGET_NAME)";
				SWIFT_EMIT_LOC_STRINGS = YES;
				SWIFT_VERSION = 5.0;
				TARGETED_DEVICE_FAMILY = "1,2";
			};
			name = Release;
		};
		8275A19729A48D34007628D3 /* Debug */ = {
			isa = XCBuildConfiguration;
			buildSettings = {
				ALWAYS_EMBED_SWIFT_STANDARD_LIBRARIES = YES;
				BUNDLE_LOADER = "$(TEST_HOST)";
				CODE_SIGN_STYLE = Automatic;
				CURRENT_PROJECT_VERSION = 1;
				DEVELOPMENT_TEAM = S65J69626Y;
				GENERATE_INFOPLIST_FILE = YES;
				IPHONEOS_DEPLOYMENT_TARGET = 16.1;
				MARKETING_VERSION = 1.0;
				PRODUCT_BUNDLE_IDENTIFIER = com.daicon.GasTests;
				PRODUCT_NAME = "$(TARGET_NAME)";
				SWIFT_EMIT_LOC_STRINGS = NO;
				SWIFT_VERSION = 5.0;
				TARGETED_DEVICE_FAMILY = "1,2";
				TEST_HOST = "$(BUILT_PRODUCTS_DIR)/Gas.app/$(BUNDLE_EXECUTABLE_FOLDER_PATH)/Gas";
			};
			name = Debug;
		};
		8275A19829A48D34007628D3 /* Release */ = {
			isa = XCBuildConfiguration;
			buildSettings = {
				ALWAYS_EMBED_SWIFT_STANDARD_LIBRARIES = YES;
				BUNDLE_LOADER = "$(TEST_HOST)";
				CODE_SIGN_STYLE = Automatic;
				CURRENT_PROJECT_VERSION = 1;
				DEVELOPMENT_TEAM = S65J69626Y;
				GENERATE_INFOPLIST_FILE = YES;
				IPHONEOS_DEPLOYMENT_TARGET = 16.1;
				MARKETING_VERSION = 1.0;
				PRODUCT_BUNDLE_IDENTIFIER = com.daicon.GasTests;
				PRODUCT_NAME = "$(TARGET_NAME)";
				SWIFT_EMIT_LOC_STRINGS = NO;
				SWIFT_VERSION = 5.0;
				TARGETED_DEVICE_FAMILY = "1,2";
				TEST_HOST = "$(BUILT_PRODUCTS_DIR)/Gas.app/$(BUNDLE_EXECUTABLE_FOLDER_PATH)/Gas";
			};
			name = Release;
		};
		8275A19A29A48D34007628D3 /* Debug */ = {
			isa = XCBuildConfiguration;
			buildSettings = {
				ALWAYS_EMBED_SWIFT_STANDARD_LIBRARIES = YES;
				CODE_SIGN_STYLE = Automatic;
				CURRENT_PROJECT_VERSION = 1;
				DEVELOPMENT_TEAM = S65J69626Y;
				GENERATE_INFOPLIST_FILE = YES;
				MARKETING_VERSION = 1.0;
				PRODUCT_BUNDLE_IDENTIFIER = com.daicon.GasUITests;
				PRODUCT_NAME = "$(TARGET_NAME)";
				SWIFT_EMIT_LOC_STRINGS = NO;
				SWIFT_VERSION = 5.0;
				TARGETED_DEVICE_FAMILY = "1,2";
				TEST_TARGET_NAME = Gas;
			};
			name = Debug;
		};
		8275A19B29A48D34007628D3 /* Release */ = {
			isa = XCBuildConfiguration;
			buildSettings = {
				ALWAYS_EMBED_SWIFT_STANDARD_LIBRARIES = YES;
				CODE_SIGN_STYLE = Automatic;
				CURRENT_PROJECT_VERSION = 1;
				DEVELOPMENT_TEAM = S65J69626Y;
				GENERATE_INFOPLIST_FILE = YES;
				MARKETING_VERSION = 1.0;
				PRODUCT_BUNDLE_IDENTIFIER = com.daicon.GasUITests;
				PRODUCT_NAME = "$(TARGET_NAME)";
				SWIFT_EMIT_LOC_STRINGS = NO;
				SWIFT_VERSION = 5.0;
				TARGETED_DEVICE_FAMILY = "1,2";
				TEST_TARGET_NAME = Gas;
			};
			name = Release;
		};
/* End XCBuildConfiguration section */

/* Begin XCConfigurationList section */
		8275A16429A48D31007628D3 /* Build configuration list for PBXProject "Gas" */ = {
			isa = XCConfigurationList;
			buildConfigurations = (
				8275A19129A48D34007628D3 /* Debug */,
				8275A19229A48D34007628D3 /* Release */,
			);
			defaultConfigurationIsVisible = 0;
			defaultConfigurationName = Release;
		};
		8275A19329A48D34007628D3 /* Build configuration list for PBXNativeTarget "Gas" */ = {
			isa = XCConfigurationList;
			buildConfigurations = (
				8275A19429A48D34007628D3 /* Debug */,
				8275A19529A48D34007628D3 /* Release */,
			);
			defaultConfigurationIsVisible = 0;
			defaultConfigurationName = Release;
		};
		8275A19629A48D34007628D3 /* Build configuration list for PBXNativeTarget "GasTests" */ = {
			isa = XCConfigurationList;
			buildConfigurations = (
				8275A19729A48D34007628D3 /* Debug */,
				8275A19829A48D34007628D3 /* Release */,
			);
			defaultConfigurationIsVisible = 0;
			defaultConfigurationName = Release;
		};
		8275A19929A48D34007628D3 /* Build configuration list for PBXNativeTarget "GasUITests" */ = {
			isa = XCConfigurationList;
			buildConfigurations = (
				8275A19A29A48D34007628D3 /* Debug */,
				8275A19B29A48D34007628D3 /* Release */,
			);
			defaultConfigurationIsVisible = 0;
			defaultConfigurationName = Release;
		};
/* End XCConfigurationList section */
	};
	rootObject = 8275A16129A48D31007628D3 /* Project object */;
}
